
Microsoft Visual Studio Solution File, Format Version 12.00
# Visual Studio Version 17
VisualStudioVersion = 17.4.32804.182
MinimumVisualStudioVersion = 10.0.40219.1
Project("{FAE04EC0-301F-11D3-BF4B-00C04F79EFBC}") = "EFCore.BulkExtensions.v8", "NugetProjects\EFCore.BulkExtensions.v8\EFCore.BulkExtensions.v8.csproj", "{926B6875-9641-4273-8A31-092527B5DFCD}"
EndProject
Project("{2150E333-8FDC-42A3-9474-1A3956D46DE8}") = "Items", "Items", "{214076BE-7DD8-4AFB-8B34-299A1D5DCB3C}"
	ProjectSection(SolutionItems) = preProject
		LICENSE = LICENSE
		EFCoreBulk2.png = EFCoreBulk2.png
		EFCoreBulk.png = EFCoreBulk.png
		NugetsReleasePaths.txt = NugetsReleasePaths.txt
		README.md = README.md
		CONTRIBUTING.md = CONTRIBUTING.md
		CopyFilesPerProviderNugets.bat = CopyFilesPerProviderNugets.bat
		CODE_OF_CONDUCT.md = CODE_OF_CONDUCT.md
		.gitignore = .gitignore
		.editorconfig = .editorconfig
		global.json = global.json
		Directory.Build.props = Directory.Build.props
	EndProjectSection
EndProject
Project("{2150E333-8FDC-42A3-9474-1A3956D46DE8}") = "NugetProjects", "NugetProjects", "{498FB27E-CE77-415B-B59A-5F271F876F5D}"
	ProjectSection(SolutionItems) = preProject
		NugetProjects\Directory.Build.props = NugetProjects\Directory.Build.props
	EndProjectSection
EndProject
Project("{D954291E-2A0B-460D-934E-DC6B0785DB48}") = "EFCore.BulkExtensions", "EFCore.BulkExtensions\EFCore.BulkExtensions.shproj", "{30FCCEF4-412F-4988-BE6F-88ACEC5C74BB}"
EndProject
Project("{2150E333-8FDC-42A3-9474-1A3956D46DE8}") = "Tests", "Tests", "{61E16CEC-3789-4450-A761-3BCE541CC0D9}"
	ProjectSection(SolutionItems) = preProject
		Tests\Directory.Build.props = Tests\Directory.Build.props
		Tests\xunit.runner.json = Tests\xunit.runner.json
	EndProjectSection
EndProject
Project("{FAE04EC0-301F-11D3-BF4B-00C04F79EFBC}") = "EFCore.BulkExtensions.v8.Tests", "Tests\EFCore.BulkExtensions.v8.Tests\EFCore.BulkExtensions.v8.Tests.csproj", "{D0CABA2A-E43B-40F9-94FA-34FD522CA619}"
EndProject
Project("{FAE04EC0-301F-11D3-BF4B-00C04F79EFBC}") = "EFCore.BulkExtensions.v8.MySql", "NugetProjects\EFCore.BulkExtensions.v8.MySql\EFCore.BulkExtensions.v8.MySql.csproj", "{9ED4A8FB-9F44-4D33-8BF9-8622DA70D780}"
EndProject
Project("{FAE04EC0-301F-11D3-BF4B-00C04F79EFBC}") = "EFCore.BulkExtensions.v8.PostgreSql", "NugetProjects\EFCore.BulkExtensions.v8.PostgreSql\EFCore.BulkExtensions.v8.PostgreSql.csproj", "{503B6933-A7FB-4674-9714-A172FEF5C188}"
EndProject
Project("{FAE04EC0-301F-11D3-BF4B-00C04F79EFBC}") = "EFCore.BulkExtensions.v8.SQLite", "NugetProjects\EFCore.BulkExtensions.v8.SQLite\EFCore.BulkExtensions.v8.SQLite.csproj", "{B205F3B9-2EF1-4EB5-B2C9-E2C4070D946A}"
EndProject
Project("{FAE04EC0-301F-11D3-BF4B-00C04F79EFBC}") = "EFCore.BulkExtensions.v8.SqlServer", "NugetProjects\EFCore.BulkExtensions.v8.SqlServer\EFCore.BulkExtensions.v8.SqlServer.csproj", "{2379E7BA-036A-44CC-907C-AAE700FA4789}"
EndProject
Project("{FAE04EC0-301F-11D3-BF4B-00C04F79EFBC}") = "EFCore.BulkExtensions.v9", "NugetProjects\EFCore.BulkExtensions.v9\EFCore.BulkExtensions.v9.csproj", "{A3D733DE-E835-488A-AF78-7759675A85B9}"
EndProject
Project("{FAE04EC0-301F-11D3-BF4B-00C04F79EFBC}") = "EFCore.BulkExtensions.v9.PostgreSql", "NugetProjects\EFCore.BulkExtensions.v9.PostgreSql\EFCore.BulkExtensions.v9.PostgreSql.csproj", "{99F15D10-05CB-428D-A7D8-9C76DE6C56B9}"
EndProject
Project("{FAE04EC0-301F-11D3-BF4B-00C04F79EFBC}") = "EFCore.BulkExtensions.v9.MySql", "NugetProjects\EFCore.BulkExtensions.v9.MySql\EFCore.BulkExtensions.v9.MySql.csproj", "{8CA30262-EF21-457A-91B4-367EF3A1EC55}"
EndProject
Project("{FAE04EC0-301F-11D3-BF4B-00C04F79EFBC}") = "EFCore.BulkExtensions.v9.SQLite", "NugetProjects\EFCore.BulkExtensions.v9.SQLite\EFCore.BulkExtensions.v9.SQLite.csproj", "{CB96C755-1FB0-403D-AD9F-991CF7BA04E1}"
EndProject
Project("{FAE04EC0-301F-11D3-BF4B-00C04F79EFBC}") = "EFCore.BulkExtensions.v9.SqlServer", "NugetProjects\EFCore.BulkExtensions.v9.SqlServer\EFCore.BulkExtensions.v9.SqlServer.csproj", "{82ADC1A4-1040-4403-BB66-D8579D3D7B95}"
EndProject
Project("{FAE04EC0-301F-11D3-BF4B-00C04F79EFBC}") = "EFCore.BulkExtensions.v9.Tests", "Tests\EFCore.BulkExtensions.v9.Tests\EFCore.BulkExtensions.v9.Tests.csproj", "{2E554562-182D-410E-8DC0-B44E823E81FC}"
EndProject
Project("{FAE04EC0-301F-11D3-BF4B-00C04F79EFBC}") = "EFCore.BulkExtensions.v10", "NugetProjects\EFCore.BulkExtensions.v10\EFCore.BulkExtensions.v10.csproj", "{3A670E62-881F-4843-850F-27039DEAF355}"
EndProject
Project("{FAE04EC0-301F-11D3-BF4B-00C04F79EFBC}") = "EFCore.BulkExtensions.v10.MySql", "NugetProjects\EFCore.BulkExtensions.v10.MySql\EFCore.BulkExtensions.v10.MySql.csproj", "{92CC2717-D9C2-480E-BEB6-48F519915379}"
EndProject
Project("{FAE04EC0-301F-11D3-BF4B-00C04F79EFBC}") = "EFCore.BulkExtensions.v10.PostgreSql", "NugetProjects\EFCore.BulkExtensions.v10.PostgreSql\EFCore.BulkExtensions.v10.PostgreSql.csproj", "{EA33B1C7-6E93-4BA7-A1F5-814D2FDBDF82}"
EndProject
Project("{FAE04EC0-301F-11D3-BF4B-00C04F79EFBC}") = "EFCore.BulkExtensions.v10.SqlServer", "NugetProjects\EFCore.BulkExtensions.v10.SqlServer\EFCore.BulkExtensions.v10.SqlServer.csproj", "{AC0C858C-CCBD-4806-BFFB-A006763CE9F8}"
EndProject
Project("{FAE04EC0-301F-11D3-BF4B-00C04F79EFBC}") = "EFCore.BulkExtensions.v10.Tests", "Tests\EFCore.BulkExtensions.v10.Tests\EFCore.BulkExtensions.v10.Tests.csproj", "{F18D681C-ADD3-401A-9689-8051F2B9A5B1}"
EndProject
Project("{FAE04EC0-301F-11D3-BF4B-00C04F79EFBC}") = "EFCore.BulkExtensions.v10.SQLite", "NugetProjects\EFCore.BulkExtensions.v10.SQLite\EFCore.BulkExtensions.v10.SQLite.csproj", "{846B12BA-BC47-493E-9812-1CA04FEC3585}"
EndProject
Global
	GlobalSection(SolutionConfigurationPlatforms) = preSolution
		Debug|Any CPU = Debug|Any CPU
		Debug|x64 = Debug|x64
		Debug|x86 = Debug|x86
		Release|Any CPU = Release|Any CPU
		Release|x64 = Release|x64
		Release|x86 = Release|x86
	EndGlobalSection
	GlobalSection(ProjectConfigurationPlatforms) = postSolution
		{926B6875-9641-4273-8A31-092527B5DFCD}.Debug|Any CPU.ActiveCfg = Debug|Any CPU
		{926B6875-9641-4273-8A31-092527B5DFCD}.Debug|Any CPU.Build.0 = Debug|Any CPU
		{926B6875-9641-4273-8A31-092527B5DFCD}.Debug|x64.ActiveCfg = Debug|Any CPU
		{926B6875-9641-4273-8A31-092527B5DFCD}.Debug|x64.Build.0 = Debug|Any CPU
		{926B6875-9641-4273-8A31-092527B5DFCD}.Debug|x86.ActiveCfg = Debug|Any CPU
		{926B6875-9641-4273-8A31-092527B5DFCD}.Debug|x86.Build.0 = Debug|Any CPU
		{926B6875-9641-4273-8A31-092527B5DFCD}.Release|Any CPU.ActiveCfg = Release|Any CPU
		{926B6875-9641-4273-8A31-092527B5DFCD}.Release|Any CPU.Build.0 = Release|Any CPU
		{926B6875-9641-4273-8A31-092527B5DFCD}.Release|x64.ActiveCfg = Release|Any CPU
		{926B6875-9641-4273-8A31-092527B5DFCD}.Release|x64.Build.0 = Release|Any CPU
		{926B6875-9641-4273-8A31-092527B5DFCD}.Release|x86.ActiveCfg = Release|Any CPU
		{926B6875-9641-4273-8A31-092527B5DFCD}.Release|x86.Build.0 = Release|Any CPU
		{D0CABA2A-E43B-40F9-94FA-34FD522CA619}.Debug|Any CPU.ActiveCfg = Debug|Any CPU
		{D0CABA2A-E43B-40F9-94FA-34FD522CA619}.Debug|Any CPU.Build.0 = Debug|Any CPU
		{D0CABA2A-E43B-40F9-94FA-34FD522CA619}.Debug|x64.ActiveCfg = Debug|Any CPU
		{D0CABA2A-E43B-40F9-94FA-34FD522CA619}.Debug|x64.Build.0 = Debug|Any CPU
		{D0CABA2A-E43B-40F9-94FA-34FD522CA619}.Debug|x86.ActiveCfg = Debug|Any CPU
		{D0CABA2A-E43B-40F9-94FA-34FD522CA619}.Debug|x86.Build.0 = Debug|Any CPU
		{D0CABA2A-E43B-40F9-94FA-34FD522CA619}.Release|Any CPU.ActiveCfg = Release|Any CPU
		{D0CABA2A-E43B-40F9-94FA-34FD522CA619}.Release|Any CPU.Build.0 = Release|Any CPU
		{D0CABA2A-E43B-40F9-94FA-34FD522CA619}.Release|x64.ActiveCfg = Release|Any CPU
		{D0CABA2A-E43B-40F9-94FA-34FD522CA619}.Release|x64.Build.0 = Release|Any CPU
		{D0CABA2A-E43B-40F9-94FA-34FD522CA619}.Release|x86.ActiveCfg = Release|Any CPU
		{D0CABA2A-E43B-40F9-94FA-34FD522CA619}.Release|x86.Build.0 = Release|Any CPU
		{9ED4A8FB-9F44-4D33-8BF9-8622DA70D780}.Debug|Any CPU.ActiveCfg = Debug|Any CPU
		{9ED4A8FB-9F44-4D33-8BF9-8622DA70D780}.Debug|Any CPU.Build.0 = Debug|Any CPU
		{9ED4A8FB-9F44-4D33-8BF9-8622DA70D780}.Debug|x64.ActiveCfg = Debug|Any CPU
		{9ED4A8FB-9F44-4D33-8BF9-8622DA70D780}.Debug|x64.Build.0 = Debug|Any CPU
		{9ED4A8FB-9F44-4D33-8BF9-8622DA70D780}.Debug|x86.ActiveCfg = Debug|Any CPU
		{9ED4A8FB-9F44-4D33-8BF9-8622DA70D780}.Debug|x86.Build.0 = Debug|Any CPU
		{9ED4A8FB-9F44-4D33-8BF9-8622DA70D780}.Release|Any CPU.ActiveCfg = Release|Any CPU
		{9ED4A8FB-9F44-4D33-8BF9-8622DA70D780}.Release|Any CPU.Build.0 = Release|Any CPU
		{9ED4A8FB-9F44-4D33-8BF9-8622DA70D780}.Release|x64.ActiveCfg = Release|Any CPU
		{9ED4A8FB-9F44-4D33-8BF9-8622DA70D780}.Release|x64.Build.0 = Release|Any CPU
		{9ED4A8FB-9F44-4D33-8BF9-8622DA70D780}.Release|x86.ActiveCfg = Release|Any CPU
		{9ED4A8FB-9F44-4D33-8BF9-8622DA70D780}.Release|x86.Build.0 = Release|Any CPU
		{503B6933-A7FB-4674-9714-A172FEF5C188}.Debug|Any CPU.ActiveCfg = Debug|Any CPU
		{503B6933-A7FB-4674-9714-A172FEF5C188}.Debug|Any CPU.Build.0 = Debug|Any CPU
		{503B6933-A7FB-4674-9714-A172FEF5C188}.Debug|x64.ActiveCfg = Debug|Any CPU
		{503B6933-A7FB-4674-9714-A172FEF5C188}.Debug|x64.Build.0 = Debug|Any CPU
		{503B6933-A7FB-4674-9714-A172FEF5C188}.Debug|x86.ActiveCfg = Debug|Any CPU
		{503B6933-A7FB-4674-9714-A172FEF5C188}.Debug|x86.Build.0 = Debug|Any CPU
		{503B6933-A7FB-4674-9714-A172FEF5C188}.Release|Any CPU.ActiveCfg = Release|Any CPU
		{503B6933-A7FB-4674-9714-A172FEF5C188}.Release|Any CPU.Build.0 = Release|Any CPU
		{503B6933-A7FB-4674-9714-A172FEF5C188}.Release|x64.ActiveCfg = Release|Any CPU
		{503B6933-A7FB-4674-9714-A172FEF5C188}.Release|x64.Build.0 = Release|Any CPU
		{503B6933-A7FB-4674-9714-A172FEF5C188}.Release|x86.ActiveCfg = Release|Any CPU
		{503B6933-A7FB-4674-9714-A172FEF5C188}.Release|x86.Build.0 = Release|Any CPU
		{B205F3B9-2EF1-4EB5-B2C9-E2C4070D946A}.Debug|Any CPU.ActiveCfg = Debug|Any CPU
		{B205F3B9-2EF1-4EB5-B2C9-E2C4070D946A}.Debug|Any CPU.Build.0 = Debug|Any CPU
		{B205F3B9-2EF1-4EB5-B2C9-E2C4070D946A}.Debug|x64.ActiveCfg = Debug|Any CPU
		{B205F3B9-2EF1-4EB5-B2C9-E2C4070D946A}.Debug|x64.Build.0 = Debug|Any CPU
		{B205F3B9-2EF1-4EB5-B2C9-E2C4070D946A}.Debug|x86.ActiveCfg = Debug|Any CPU
		{B205F3B9-2EF1-4EB5-B2C9-E2C4070D946A}.Debug|x86.Build.0 = Debug|Any CPU
		{B205F3B9-2EF1-4EB5-B2C9-E2C4070D946A}.Release|Any CPU.ActiveCfg = Release|Any CPU
		{B205F3B9-2EF1-4EB5-B2C9-E2C4070D946A}.Release|Any CPU.Build.0 = Release|Any CPU
		{B205F3B9-2EF1-4EB5-B2C9-E2C4070D946A}.Release|x64.ActiveCfg = Release|Any CPU
		{B205F3B9-2EF1-4EB5-B2C9-E2C4070D946A}.Release|x64.Build.0 = Release|Any CPU
		{B205F3B9-2EF1-4EB5-B2C9-E2C4070D946A}.Release|x86.ActiveCfg = Release|Any CPU
		{B205F3B9-2EF1-4EB5-B2C9-E2C4070D946A}.Release|x86.Build.0 = Release|Any CPU
		{2379E7BA-036A-44CC-907C-AAE700FA4789}.Debug|Any CPU.ActiveCfg = Debug|Any CPU
		{2379E7BA-036A-44CC-907C-AAE700FA4789}.Debug|Any CPU.Build.0 = Debug|Any CPU
		{2379E7BA-036A-44CC-907C-AAE700FA4789}.Debug|x64.ActiveCfg = Debug|Any CPU
		{2379E7BA-036A-44CC-907C-AAE700FA4789}.Debug|x64.Build.0 = Debug|Any CPU
		{2379E7BA-036A-44CC-907C-AAE700FA4789}.Debug|x86.ActiveCfg = Debug|Any CPU
		{2379E7BA-036A-44CC-907C-AAE700FA4789}.Debug|x86.Build.0 = Debug|Any CPU
		{2379E7BA-036A-44CC-907C-AAE700FA4789}.Release|Any CPU.ActiveCfg = Release|Any CPU
		{2379E7BA-036A-44CC-907C-AAE700FA4789}.Release|Any CPU.Build.0 = Release|Any CPU
		{2379E7BA-036A-44CC-907C-AAE700FA4789}.Release|x64.ActiveCfg = Release|Any CPU
		{2379E7BA-036A-44CC-907C-AAE700FA4789}.Release|x64.Build.0 = Release|Any CPU
		{2379E7BA-036A-44CC-907C-AAE700FA4789}.Release|x86.ActiveCfg = Release|Any CPU
		{2379E7BA-036A-44CC-907C-AAE700FA4789}.Release|x86.Build.0 = Release|Any CPU
		{A3D733DE-E835-488A-AF78-7759675A85B9}.Debug|Any CPU.ActiveCfg = Debug|Any CPU
		{A3D733DE-E835-488A-AF78-7759675A85B9}.Debug|Any CPU.Build.0 = Debug|Any CPU
		{A3D733DE-E835-488A-AF78-7759675A85B9}.Debug|x64.ActiveCfg = Debug|Any CPU
		{A3D733DE-E835-488A-AF78-7759675A85B9}.Debug|x64.Build.0 = Debug|Any CPU
		{A3D733DE-E835-488A-AF78-7759675A85B9}.Debug|x86.ActiveCfg = Debug|Any CPU
		{A3D733DE-E835-488A-AF78-7759675A85B9}.Debug|x86.Build.0 = Debug|Any CPU
		{A3D733DE-E835-488A-AF78-7759675A85B9}.Release|Any CPU.ActiveCfg = Release|Any CPU
		{A3D733DE-E835-488A-AF78-7759675A85B9}.Release|Any CPU.Build.0 = Release|Any CPU
		{A3D733DE-E835-488A-AF78-7759675A85B9}.Release|x64.ActiveCfg = Release|Any CPU
		{A3D733DE-E835-488A-AF78-7759675A85B9}.Release|x64.Build.0 = Release|Any CPU
		{A3D733DE-E835-488A-AF78-7759675A85B9}.Release|x86.ActiveCfg = Release|Any CPU
		{A3D733DE-E835-488A-AF78-7759675A85B9}.Release|x86.Build.0 = Release|Any CPU
		{99F15D10-05CB-428D-A7D8-9C76DE6C56B9}.Debug|Any CPU.ActiveCfg = Debug|Any CPU
		{99F15D10-05CB-428D-A7D8-9C76DE6C56B9}.Debug|Any CPU.Build.0 = Debug|Any CPU
		{99F15D10-05CB-428D-A7D8-9C76DE6C56B9}.Debug|x64.ActiveCfg = Debug|Any CPU
		{99F15D10-05CB-428D-A7D8-9C76DE6C56B9}.Debug|x64.Build.0 = Debug|Any CPU
		{99F15D10-05CB-428D-A7D8-9C76DE6C56B9}.Debug|x86.ActiveCfg = Debug|Any CPU
		{99F15D10-05CB-428D-A7D8-9C76DE6C56B9}.Debug|x86.Build.0 = Debug|Any CPU
		{99F15D10-05CB-428D-A7D8-9C76DE6C56B9}.Release|Any CPU.ActiveCfg = Release|Any CPU
		{99F15D10-05CB-428D-A7D8-9C76DE6C56B9}.Release|Any CPU.Build.0 = Release|Any CPU
		{99F15D10-05CB-428D-A7D8-9C76DE6C56B9}.Release|x64.ActiveCfg = Release|Any CPU
		{99F15D10-05CB-428D-A7D8-9C76DE6C56B9}.Release|x64.Build.0 = Release|Any CPU
		{99F15D10-05CB-428D-A7D8-9C76DE6C56B9}.Release|x86.ActiveCfg = Release|Any CPU
		{99F15D10-05CB-428D-A7D8-9C76DE6C56B9}.Release|x86.Build.0 = Release|Any CPU
		{8CA30262-EF21-457A-91B4-367EF3A1EC55}.Debug|Any CPU.ActiveCfg = Debug|Any CPU
		{8CA30262-EF21-457A-91B4-367EF3A1EC55}.Debug|Any CPU.Build.0 = Debug|Any CPU
		{8CA30262-EF21-457A-91B4-367EF3A1EC55}.Debug|x64.ActiveCfg = Debug|Any CPU
		{8CA30262-EF21-457A-91B4-367EF3A1EC55}.Debug|x64.Build.0 = Debug|Any CPU
		{8CA30262-EF21-457A-91B4-367EF3A1EC55}.Debug|x86.ActiveCfg = Debug|Any CPU
		{8CA30262-EF21-457A-91B4-367EF3A1EC55}.Debug|x86.Build.0 = Debug|Any CPU
		{8CA30262-EF21-457A-91B4-367EF3A1EC55}.Release|Any CPU.ActiveCfg = Release|Any CPU
		{8CA30262-EF21-457A-91B4-367EF3A1EC55}.Release|Any CPU.Build.0 = Release|Any CPU
		{8CA30262-EF21-457A-91B4-367EF3A1EC55}.Release|x64.ActiveCfg = Release|Any CPU
		{8CA30262-EF21-457A-91B4-367EF3A1EC55}.Release|x64.Build.0 = Release|Any CPU
		{8CA30262-EF21-457A-91B4-367EF3A1EC55}.Release|x86.ActiveCfg = Release|Any CPU
		{8CA30262-EF21-457A-91B4-367EF3A1EC55}.Release|x86.Build.0 = Release|Any CPU
		{CB96C755-1FB0-403D-AD9F-991CF7BA04E1}.Debug|Any CPU.ActiveCfg = Debug|Any CPU
		{CB96C755-1FB0-403D-AD9F-991CF7BA04E1}.Debug|Any CPU.Build.0 = Debug|Any CPU
		{CB96C755-1FB0-403D-AD9F-991CF7BA04E1}.Debug|x64.ActiveCfg = Debug|Any CPU
		{CB96C755-1FB0-403D-AD9F-991CF7BA04E1}.Debug|x64.Build.0 = Debug|Any CPU
		{CB96C755-1FB0-403D-AD9F-991CF7BA04E1}.Debug|x86.ActiveCfg = Debug|Any CPU
		{CB96C755-1FB0-403D-AD9F-991CF7BA04E1}.Debug|x86.Build.0 = Debug|Any CPU
		{CB96C755-1FB0-403D-AD9F-991CF7BA04E1}.Release|Any CPU.ActiveCfg = Release|Any CPU
		{CB96C755-1FB0-403D-AD9F-991CF7BA04E1}.Release|Any CPU.Build.0 = Release|Any CPU
		{CB96C755-1FB0-403D-AD9F-991CF7BA04E1}.Release|x64.ActiveCfg = Release|Any CPU
		{CB96C755-1FB0-403D-AD9F-991CF7BA04E1}.Release|x64.Build.0 = Release|Any CPU
		{CB96C755-1FB0-403D-AD9F-991CF7BA04E1}.Release|x86.ActiveCfg = Release|Any CPU
		{CB96C755-1FB0-403D-AD9F-991CF7BA04E1}.Release|x86.Build.0 = Release|Any CPU
		{82ADC1A4-1040-4403-BB66-D8579D3D7B95}.Debug|Any CPU.ActiveCfg = Debug|Any CPU
		{82ADC1A4-1040-4403-BB66-D8579D3D7B95}.Debug|Any CPU.Build.0 = Debug|Any CPU
		{82ADC1A4-1040-4403-BB66-D8579D3D7B95}.Debug|x64.ActiveCfg = Debug|Any CPU
		{82ADC1A4-1040-4403-BB66-D8579D3D7B95}.Debug|x64.Build.0 = Debug|Any CPU
		{82ADC1A4-1040-4403-BB66-D8579D3D7B95}.Debug|x86.ActiveCfg = Debug|Any CPU
		{82ADC1A4-1040-4403-BB66-D8579D3D7B95}.Debug|x86.Build.0 = Debug|Any CPU
		{82ADC1A4-1040-4403-BB66-D8579D3D7B95}.Release|Any CPU.ActiveCfg = Release|Any CPU
		{82ADC1A4-1040-4403-BB66-D8579D3D7B95}.Release|Any CPU.Build.0 = Release|Any CPU
		{82ADC1A4-1040-4403-BB66-D8579D3D7B95}.Release|x64.ActiveCfg = Release|Any CPU
		{82ADC1A4-1040-4403-BB66-D8579D3D7B95}.Release|x64.Build.0 = Release|Any CPU
		{82ADC1A4-1040-4403-BB66-D8579D3D7B95}.Release|x86.ActiveCfg = Release|Any CPU
		{82ADC1A4-1040-4403-BB66-D8579D3D7B95}.Release|x86.Build.0 = Release|Any CPU
		{2E554562-182D-410E-8DC0-B44E823E81FC}.Debug|Any CPU.ActiveCfg = Debug|Any CPU
		{2E554562-182D-410E-8DC0-B44E823E81FC}.Debug|Any CPU.Build.0 = Debug|Any CPU
		{2E554562-182D-410E-8DC0-B44E823E81FC}.Debug|x64.ActiveCfg = Debug|Any CPU
		{2E554562-182D-410E-8DC0-B44E823E81FC}.Debug|x64.Build.0 = Debug|Any CPU
		{2E554562-182D-410E-8DC0-B44E823E81FC}.Debug|x86.ActiveCfg = Debug|Any CPU
		{2E554562-182D-410E-8DC0-B44E823E81FC}.Debug|x86.Build.0 = Debug|Any CPU
		{2E554562-182D-410E-8DC0-B44E823E81FC}.Release|Any CPU.ActiveCfg = Release|Any CPU
		{2E554562-182D-410E-8DC0-B44E823E81FC}.Release|Any CPU.Build.0 = Release|Any CPU
		{2E554562-182D-410E-8DC0-B44E823E81FC}.Release|x64.ActiveCfg = Release|Any CPU
		{2E554562-182D-410E-8DC0-B44E823E81FC}.Release|x64.Build.0 = Release|Any CPU
		{2E554562-182D-410E-8DC0-B44E823E81FC}.Release|x86.ActiveCfg = Release|Any CPU
		{2E554562-182D-410E-8DC0-B44E823E81FC}.Release|x86.Build.0 = Release|Any CPU
		{3A670E62-881F-4843-850F-27039DEAF355}.Debug|Any CPU.ActiveCfg = Debug|Any CPU
		{3A670E62-881F-4843-850F-27039DEAF355}.Debug|Any CPU.Build.0 = Debug|Any CPU
		{3A670E62-881F-4843-850F-27039DEAF355}.Debug|x64.ActiveCfg = Debug|Any CPU
		{3A670E62-881F-4843-850F-27039DEAF355}.Debug|x64.Build.0 = Debug|Any CPU
		{3A670E62-881F-4843-850F-27039DEAF355}.Debug|x86.ActiveCfg = Debug|Any CPU
		{3A670E62-881F-4843-850F-27039DEAF355}.Debug|x86.Build.0 = Debug|Any CPU
		{3A670E62-881F-4843-850F-27039DEAF355}.Release|Any CPU.ActiveCfg = Release|Any CPU
		{3A670E62-881F-4843-850F-27039DEAF355}.Release|Any CPU.Build.0 = Release|Any CPU
		{3A670E62-881F-4843-850F-27039DEAF355}.Release|x64.ActiveCfg = Release|Any CPU
		{3A670E62-881F-4843-850F-27039DEAF355}.Release|x64.Build.0 = Release|Any CPU
		{3A670E62-881F-4843-850F-27039DEAF355}.Release|x86.ActiveCfg = Release|Any CPU
		{3A670E62-881F-4843-850F-27039DEAF355}.Release|x86.Build.0 = Release|Any CPU
		{92CC2717-D9C2-480E-BEB6-48F519915379}.Debug|Any CPU.ActiveCfg = Debug|Any CPU
		{92CC2717-D9C2-480E-BEB6-48F519915379}.Debug|Any CPU.Build.0 = Debug|Any CPU
		{92CC2717-D9C2-480E-BEB6-48F519915379}.Debug|x64.ActiveCfg = Debug|Any CPU
		{92CC2717-D9C2-480E-BEB6-48F519915379}.Debug|x64.Build.0 = Debug|Any CPU
		{92CC2717-D9C2-480E-BEB6-48F519915379}.Debug|x86.ActiveCfg = Debug|Any CPU
		{92CC2717-D9C2-480E-BEB6-48F519915379}.Debug|x86.Build.0 = Debug|Any CPU
		{92CC2717-D9C2-480E-BEB6-48F519915379}.Release|Any CPU.ActiveCfg = Release|Any CPU
		{92CC2717-D9C2-480E-BEB6-48F519915379}.Release|Any CPU.Build.0 = Release|Any CPU
		{92CC2717-D9C2-480E-BEB6-48F519915379}.Release|x64.ActiveCfg = Release|Any CPU
		{92CC2717-D9C2-480E-BEB6-48F519915379}.Release|x64.Build.0 = Release|Any CPU
		{92CC2717-D9C2-480E-BEB6-48F519915379}.Release|x86.ActiveCfg = Release|Any CPU
		{92CC2717-D9C2-480E-BEB6-48F519915379}.Release|x86.Build.0 = Release|Any CPU
		{EA33B1C7-6E93-4BA7-A1F5-814D2FDBDF82}.Debug|Any CPU.ActiveCfg = Debug|Any CPU
		{EA33B1C7-6E93-4BA7-A1F5-814D2FDBDF82}.Debug|Any CPU.Build.0 = Debug|Any CPU
		{EA33B1C7-6E93-4BA7-A1F5-814D2FDBDF82}.Debug|x64.ActiveCfg = Debug|Any CPU
		{EA33B1C7-6E93-4BA7-A1F5-814D2FDBDF82}.Debug|x64.Build.0 = Debug|Any CPU
		{EA33B1C7-6E93-4BA7-A1F5-814D2FDBDF82}.Debug|x86.ActiveCfg = Debug|Any CPU
		{EA33B1C7-6E93-4BA7-A1F5-814D2FDBDF82}.Debug|x86.Build.0 = Debug|Any CPU
		{EA33B1C7-6E93-4BA7-A1F5-814D2FDBDF82}.Release|Any CPU.ActiveCfg = Release|Any CPU
		{EA33B1C7-6E93-4BA7-A1F5-814D2FDBDF82}.Release|Any CPU.Build.0 = Release|Any CPU
		{EA33B1C7-6E93-4BA7-A1F5-814D2FDBDF82}.Release|x64.ActiveCfg = Release|Any CPU
		{EA33B1C7-6E93-4BA7-A1F5-814D2FDBDF82}.Release|x64.Build.0 = Release|Any CPU
		{EA33B1C7-6E93-4BA7-A1F5-814D2FDBDF82}.Release|x86.ActiveCfg = Release|Any CPU
		{EA33B1C7-6E93-4BA7-A1F5-814D2FDBDF82}.Release|x86.Build.0 = Release|Any CPU
		{AC0C858C-CCBD-4806-BFFB-A006763CE9F8}.Debug|Any CPU.ActiveCfg = Debug|Any CPU
		{AC0C858C-CCBD-4806-BFFB-A006763CE9F8}.Debug|Any CPU.Build.0 = Debug|Any CPU
		{AC0C858C-CCBD-4806-BFFB-A006763CE9F8}.Debug|x64.ActiveCfg = Debug|Any CPU
		{AC0C858C-CCBD-4806-BFFB-A006763CE9F8}.Debug|x64.Build.0 = Debug|Any CPU
		{AC0C858C-CCBD-4806-BFFB-A006763CE9F8}.Debug|x86.ActiveCfg = Debug|Any CPU
		{AC0C858C-CCBD-4806-BFFB-A006763CE9F8}.Debug|x86.Build.0 = Debug|Any CPU
		{AC0C858C-CCBD-4806-BFFB-A006763CE9F8}.Release|Any CPU.ActiveCfg = Release|Any CPU
		{AC0C858C-CCBD-4806-BFFB-A006763CE9F8}.Release|Any CPU.Build.0 = Release|Any CPU
		{AC0C858C-CCBD-4806-BFFB-A006763CE9F8}.Release|x64.ActiveCfg = Release|Any CPU
		{AC0C858C-CCBD-4806-BFFB-A006763CE9F8}.Release|x64.Build.0 = Release|Any CPU
		{AC0C858C-CCBD-4806-BFFB-A006763CE9F8}.Release|x86.ActiveCfg = Release|Any CPU
		{AC0C858C-CCBD-4806-BFFB-A006763CE9F8}.Release|x86.Build.0 = Release|Any CPU
		{F18D681C-ADD3-401A-9689-8051F2B9A5B1}.Debug|Any CPU.ActiveCfg = Debug|Any CPU
		{F18D681C-ADD3-401A-9689-8051F2B9A5B1}.Debug|Any CPU.Build.0 = Debug|Any CPU
		{F18D681C-ADD3-401A-9689-8051F2B9A5B1}.Debug|x64.ActiveCfg = Debug|Any CPU
		{F18D681C-ADD3-401A-9689-8051F2B9A5B1}.Debug|x64.Build.0 = Debug|Any CPU
		{F18D681C-ADD3-401A-9689-8051F2B9A5B1}.Debug|x86.ActiveCfg = Debug|Any CPU
		{F18D681C-ADD3-401A-9689-8051F2B9A5B1}.Debug|x86.Build.0 = Debug|Any CPU
		{F18D681C-ADD3-401A-9689-8051F2B9A5B1}.Release|Any CPU.ActiveCfg = Release|Any CPU
		{F18D681C-ADD3-401A-9689-8051F2B9A5B1}.Release|Any CPU.Build.0 = Release|Any CPU
		{F18D681C-ADD3-401A-9689-8051F2B9A5B1}.Release|x64.ActiveCfg = Release|Any CPU
		{F18D681C-ADD3-401A-9689-8051F2B9A5B1}.Release|x64.Build.0 = Release|Any CPU
		{F18D681C-ADD3-401A-9689-8051F2B9A5B1}.Release|x86.ActiveCfg = Release|Any CPU
		{F18D681C-ADD3-401A-9689-8051F2B9A5B1}.Release|x86.Build.0 = Release|Any CPU
		{846B12BA-BC47-493E-9812-1CA04FEC3585}.Debug|Any CPU.ActiveCfg = Debug|Any CPU
		{846B12BA-BC47-493E-9812-1CA04FEC3585}.Debug|Any CPU.Build.0 = Debug|Any CPU
		{846B12BA-BC47-493E-9812-1CA04FEC3585}.Debug|x64.ActiveCfg = Debug|Any CPU
		{846B12BA-BC47-493E-9812-1CA04FEC3585}.Debug|x64.Build.0 = Debug|Any CPU
		{846B12BA-BC47-493E-9812-1CA04FEC3585}.Debug|x86.ActiveCfg = Debug|Any CPU
		{846B12BA-BC47-493E-9812-1CA04FEC3585}.Debug|x86.Build.0 = Debug|Any CPU
		{846B12BA-BC47-493E-9812-1CA04FEC3585}.Release|Any CPU.ActiveCfg = Release|Any CPU
		{846B12BA-BC47-493E-9812-1CA04FEC3585}.Release|Any CPU.Build.0 = Release|Any CPU
		{846B12BA-BC47-493E-9812-1CA04FEC3585}.Release|x64.ActiveCfg = Release|Any CPU
		{846B12BA-BC47-493E-9812-1CA04FEC3585}.Release|x64.Build.0 = Release|Any CPU
		{846B12BA-BC47-493E-9812-1CA04FEC3585}.Release|x86.ActiveCfg = Release|Any CPU
		{846B12BA-BC47-493E-9812-1CA04FEC3585}.Release|x86.Build.0 = Release|Any CPU
	EndGlobalSection
	GlobalSection(SolutionProperties) = preSolution
		HideSolutionNode = FALSE
	EndGlobalSection
	GlobalSection(NestedProjects) = preSolution
		{926B6875-9641-4273-8A31-092527B5DFCD} = {498FB27E-CE77-415B-B59A-5F271F876F5D}
		{D0CABA2A-E43B-40F9-94FA-34FD522CA619} = {61E16CEC-3789-4450-A761-3BCE541CC0D9}
		{9ED4A8FB-9F44-4D33-8BF9-8622DA70D780} = {498FB27E-CE77-415B-B59A-5F271F876F5D}
		{503B6933-A7FB-4674-9714-A172FEF5C188} = {498FB27E-CE77-415B-B59A-5F271F876F5D}
		{B205F3B9-2EF1-4EB5-B2C9-E2C4070D946A} = {498FB27E-CE77-415B-B59A-5F271F876F5D}
		{2379E7BA-036A-44CC-907C-AAE700FA4789} = {498FB27E-CE77-415B-B59A-5F271F876F5D}
		{A3D733DE-E835-488A-AF78-7759675A85B9} = {498FB27E-CE77-415B-B59A-5F271F876F5D}
		{99F15D10-05CB-428D-A7D8-9C76DE6C56B9} = {498FB27E-CE77-415B-B59A-5F271F876F5D}
		{8CA30262-EF21-457A-91B4-367EF3A1EC55} = {498FB27E-CE77-415B-B59A-5F271F876F5D}
		{CB96C755-1FB0-403D-AD9F-991CF7BA04E1} = {498FB27E-CE77-415B-B59A-5F271F876F5D}
		{82ADC1A4-1040-4403-BB66-D8579D3D7B95} = {498FB27E-CE77-415B-B59A-5F271F876F5D}
		{2E554562-182D-410E-8DC0-B44E823E81FC} = {61E16CEC-3789-4450-A761-3BCE541CC0D9}
		{3A670E62-881F-4843-850F-27039DEAF355} = {498FB27E-CE77-415B-B59A-5F271F876F5D}
		{92CC2717-D9C2-480E-BEB6-48F519915379} = {498FB27E-CE77-415B-B59A-5F271F876F5D}
		{EA33B1C7-6E93-4BA7-A1F5-814D2FDBDF82} = {498FB27E-CE77-415B-B59A-5F271F876F5D}
		{AC0C858C-CCBD-4806-BFFB-A006763CE9F8} = {498FB27E-CE77-415B-B59A-5F271F876F5D}
		{F18D681C-ADD3-401A-9689-8051F2B9A5B1} = {61E16CEC-3789-4450-A761-3BCE541CC0D9}
		{846B12BA-BC47-493E-9812-1CA04FEC3585} = {498FB27E-CE77-415B-B59A-5F271F876F5D}
	EndGlobalSection
	GlobalSection(ExtensibilityGlobals) = postSolution
		SolutionGuid = {F6CFFD1D-D456-4A8F-86FC-7CF2C893AB08}
	EndGlobalSection
EndGlobal
